
Microsoft Visual Studio Solution File, Format Version 12.00
# Visual Studio Version 16
VisualStudioVersion = 16.0.28922.388
MinimumVisualStudioVersion = 10.0.40219.1
Project("{FAE04EC0-301F-11D3-BF4B-00C04F79EFBC}") = "BAU.Core", "BAU.Core\BAU.Core.csproj", "{C49BF538-F6CF-4F37-9108-A8A89D98322E}"
EndProject
Project("{FAE04EC0-301F-11D3-BF4B-00C04F79EFBC}") = "BAU.Northwind.Entities", "BAU.Northwind.Entities\BAU.Northwind.Entities.csproj", "{F4D64EEE-373A-40AF-ADF9-F8D885E63C7E}"
EndProject
Project("{FAE04EC0-301F-11D3-BF4B-00C04F79EFBC}") = "BAU.Northwind.DataAccess", "BAU.Northwind.DataAccess\BAU.Northwind.DataAccess.csproj", "{B5CD4847-D860-4EE2-9CD2-087A69A460A4}"
EndProject
Project("{FAE04EC0-301F-11D3-BF4B-00C04F79EFBC}") = "BAU.Northwind.Business", "BAU.Northwind.Business\BAU.Northwind.Business.csproj", "{0F21DB5B-3DFF-458F-A7FC-4FCBAC4EDEB0}"
EndProject
Project("{FAE04EC0-301F-11D3-BF4B-00C04F79EFBC}") = "BAU.Northwind.MvcWebUI", "BAU.Northwind.MvcWebUI\BAU.Northwind.MvcWebUI.csproj", "{B19AFBC2-29E0-4291-93DA-3E2F2A380D51}"
EndProject
Global
	GlobalSection(SolutionConfigurationPlatforms) = preSolution
		Debug|Any CPU = Debug|Any CPU
		Release|Any CPU = Release|Any CPU
	EndGlobalSection
	GlobalSection(ProjectConfigurationPlatforms) = postSolution
		{C49BF538-F6CF-4F37-9108-A8A89D98322E}.Debug|Any CPU.ActiveCfg = Debug|Any CPU
		{C49BF538-F6CF-4F37-9108-A8A89D98322E}.Debug|Any CPU.Build.0 = Debug|Any CPU
		{C49BF538-F6CF-4F37-9108-A8A89D98322E}.Release|Any CPU.ActiveCfg = Release|Any CPU
		{C49BF538-F6CF-4F37-9108-A8A89D98322E}.Release|Any CPU.Build.0 = Release|Any CPU
		{F4D64EEE-373A-40AF-ADF9-F8D885E63C7E}.Debug|Any CPU.ActiveCfg = Debug|Any CPU
		{F4D64EEE-373A-40AF-ADF9-F8D885E63C7E}.Debug|Any CPU.Build.0 = Debug|Any CPU
		{F4D64EEE-373A-40AF-ADF9-F8D885E63C7E}.Release|Any CPU.ActiveCfg = Release|Any CPU
		{F4D64EEE-373A-40AF-ADF9-F8D885E63C7E}.Release|Any CPU.Build.0 = Release|Any CPU
		{B5CD4847-D860-4EE2-9CD2-087A69A460A4}.Debug|Any CPU.ActiveCfg = Debug|Any CPU
		{B5CD4847-D860-4EE2-9CD2-087A69A460A4}.Debug|Any CPU.Build.0 = Debug|Any CPU
		{B5CD4847-D860-4EE2-9CD2-087A69A460A4}.Release|Any CPU.ActiveCfg = Release|Any CPU
		{B5CD4847-D860-4EE2-9CD2-087A69A460A4}.Release|Any CPU.Build.0 = Release|Any CPU
		{0F21DB5B-3DFF-458F-A7FC-4FCBAC4EDEB0}.Debug|Any CPU.ActiveCfg = Debug|Any CPU
		{0F21DB5B-3DFF-458F-A7FC-4FCBAC4EDEB0}.Debug|Any CPU.Build.0 = Debug|Any CPU
		{0F21DB5B-3DFF-458F-A7FC-4FCBAC4EDEB0}.Release|Any CPU.ActiveCfg = Release|Any CPU
		{0F21DB5B-3DFF-458F-A7FC-4FCBAC4EDEB0}.Release|Any CPU.Build.0 = Release|Any CPU
		{B19AFBC2-29E0-4291-93DA-3E2F2A380D51}.Debug|Any CPU.ActiveCfg = Debug|Any CPU
		{B19AFBC2-29E0-4291-93DA-3E2F2A380D51}.Debug|Any CPU.Build.0 = Debug|Any CPU
		{B19AFBC2-29E0-4291-93DA-3E2F2A380D51}.Release|Any CPU.ActiveCfg = Release|Any CPU
		{B19AFBC2-29E0-4291-93DA-3E2F2A380D51}.Release|Any CPU.Build.0 = Release|Any CPU
	EndGlobalSection
	GlobalSection(SolutionProperties) = preSolution
		HideSolutionNode = FALSE
	EndGlobalSection
	GlobalSection(ExtensibilityGlobals) = postSolution
		SolutionGuid = {7B422D0D-BE1C-4A60-9211-5E21CBF39886}
	EndGlobalSection
EndGlobal
